
Microsoft Visual Studio Solution File, Format Version 12.00
# Visual Studio 15
VisualStudioVersion = 15.0.28307.852
MinimumVisualStudioVersion = 10.0.40219.1
Project("{FAE04EC0-301F-11D3-BF4B-00C04F79EFBC}") = "PazumAnia.Android", "PazumAnia\PazumAnia.Android\PazumAnia.Android.csproj", "{BFD544FA-1CD7-417C-9E0B-4766BE79DF53}"
EndProject
Project("{FAE04EC0-301F-11D3-BF4B-00C04F79EFBC}") = "PazumAnia.iOS", "PazumAnia\PazumAnia.iOS\PazumAnia.iOS.csproj", "{18A59E44-B24F-42EC-BA70-2A6CFC50DB14}"
EndProject
Project("{FAE04EC0-301F-11D3-BF4B-00C04F79EFBC}") = "PazumAnia", "PazumAnia\PazumAnia\PazumAnia.csproj", "{05483300-8AAD-455C-BBE8-7CE614AFEC10}"
EndProject
Global
	GlobalSection(SolutionConfigurationPlatforms) = preSolution
		Ad-Hoc|Any CPU = Ad-Hoc|Any CPU
		Ad-Hoc|iPhone = Ad-Hoc|iPhone
		Ad-Hoc|iPhoneSimulator = Ad-Hoc|iPhoneSimulator
		AppStore|Any CPU = AppStore|Any CPU
		AppStore|iPhone = AppStore|iPhone
		AppStore|iPhoneSimulator = AppStore|iPhoneSimulator
		Debug|Any CPU = Debug|Any CPU
		Debug|iPhone = Debug|iPhone
		Debug|iPhoneSimulator = Debug|iPhoneSimulator
		Release|Any CPU = Release|Any CPU
		Release|iPhone = Release|iPhone
		Release|iPhoneSimulator = Release|iPhoneSimulator
	EndGlobalSection
	GlobalSection(ProjectConfigurationPlatforms) = postSolution
		{BFD544FA-1CD7-417C-9E0B-4766BE79DF53}.Ad-Hoc|Any CPU.ActiveCfg = Release|Any CPU
		{BFD544FA-1CD7-417C-9E0B-4766BE79DF53}.Ad-Hoc|Any CPU.Build.0 = Release|Any CPU
		{BFD544FA-1CD7-417C-9E0B-4766BE79DF53}.Ad-Hoc|Any CPU.Deploy.0 = Release|Any CPU
		{BFD544FA-1CD7-417C-9E0B-4766BE79DF53}.Ad-Hoc|iPhone.ActiveCfg = Release|Any CPU
		{BFD544FA-1CD7-417C-9E0B-4766BE79DF53}.Ad-Hoc|iPhone.Build.0 = Release|Any CPU
		{BFD544FA-1CD7-417C-9E0B-4766BE79DF53}.Ad-Hoc|iPhone.Deploy.0 = Release|Any CPU
		{BFD544FA-1CD7-417C-9E0B-4766BE79DF53}.Ad-Hoc|iPhoneSimulator.ActiveCfg = Release|Any CPU
		{BFD544FA-1CD7-417C-9E0B-4766BE79DF53}.Ad-Hoc|iPhoneSimulator.Build.0 = Release|Any CPU
		{BFD544FA-1CD7-417C-9E0B-4766BE79DF53}.Ad-Hoc|iPhoneSimulator.Deploy.0 = Release|Any CPU
		{BFD544FA-1CD7-417C-9E0B-4766BE79DF53}.AppStore|Any CPU.ActiveCfg = Release|Any CPU
		{BFD544FA-1CD7-417C-9E0B-4766BE79DF53}.AppStore|Any CPU.Build.0 = Release|Any CPU
		{BFD544FA-1CD7-417C-9E0B-4766BE79DF53}.AppStore|Any CPU.Deploy.0 = Release|Any CPU
		{BFD544FA-1CD7-417C-9E0B-4766BE79DF53}.AppStore|iPhone.ActiveCfg = Release|Any CPU
		{BFD544FA-1CD7-417C-9E0B-4766BE79DF53}.AppStore|iPhone.Build.0 = Release|Any CPU
		{BFD544FA-1CD7-417C-9E0B-4766BE79DF53}.AppStore|iPhone.Deploy.0 = Release|Any CPU
		{BFD544FA-1CD7-417C-9E0B-4766BE79DF53}.AppStore|iPhoneSimulator.ActiveCfg = Release|Any CPU
		{BFD544FA-1CD7-417C-9E0B-4766BE79DF53}.AppStore|iPhoneSimulator.Build.0 = Release|Any CPU
		{BFD544FA-1CD7-417C-9E0B-4766BE79DF53}.AppStore|iPhoneSimulator.Deploy.0 = Release|Any CPU
		{BFD544FA-1CD7-417C-9E0B-4766BE79DF53}.Debug|Any CPU.ActiveCfg = Debug|Any CPU
		{BFD544FA-1CD7-417C-9E0B-4766BE79DF53}.Debug|Any CPU.Build.0 = Debug|Any CPU
		{BFD544FA-1CD7-417C-9E0B-4766BE79DF53}.Debug|Any CPU.Deploy.0 = Debug|Any CPU
		{BFD544FA-1CD7-417C-9E0B-4766BE79DF53}.Debug|iPhone.ActiveCfg = Debug|Any CPU
		{BFD544FA-1CD7-417C-9E0B-4766BE79DF53}.Debug|iPhone.Build.0 = Debug|Any CPU
		{BFD544FA-1CD7-417C-9E0B-4766BE79DF53}.Debug|iPhone.Deploy.0 = Debug|Any CPU
		{BFD544FA-1CD7-417C-9E0B-4766BE79DF53}.Debug|iPhoneSimulator.ActiveCfg = Debug|Any CPU
		{BFD544FA-1CD7-417C-9E0B-4766BE79DF53}.Debug|iPhoneSimulator.Build.0 = Debug|Any CPU
		{BFD544FA-1CD7-417C-9E0B-4766BE79DF53}.Debug|iPhoneSimulator.Deploy.0 = Debug|Any CPU
		{BFD544FA-1CD7-417C-9E0B-4766BE79DF53}.Release|Any CPU.ActiveCfg = Release|Any CPU
		{BFD544FA-1CD7-417C-9E0B-4766BE79DF53}.Release|Any CPU.Build.0 = Release|Any CPU
		{BFD544FA-1CD7-417C-9E0B-4766BE79DF53}.Release|Any CPU.Deploy.0 = Release|Any CPU
		{BFD544FA-1CD7-417C-9E0B-4766BE79DF53}.Release|iPhone.ActiveCfg = Release|Any CPU
		{BFD544FA-1CD7-417C-9E0B-4766BE79DF53}.Release|iPhone.Build.0 = Release|Any CPU
		{BFD544FA-1CD7-417C-9E0B-4766BE79DF53}.Release|iPhone.Deploy.0 = Release|Any CPU
		{BFD544FA-1CD7-417C-9E0B-4766BE79DF53}.Release|iPhoneSimulator.ActiveCfg = Release|Any CPU
		{BFD544FA-1CD7-417C-9E0B-4766BE79DF53}.Release|iPhoneSimulator.Build.0 = Release|Any CPU
		{BFD544FA-1CD7-417C-9E0B-4766BE79DF53}.Release|iPhoneSimulator.Deploy.0 = Release|Any CPU
		{18A59E44-B24F-42EC-BA70-2A6CFC50DB14}.Ad-Hoc|Any CPU.ActiveCfg = Ad-Hoc|iPhone
		{18A59E44-B24F-42EC-BA70-2A6CFC50DB14}.Ad-Hoc|Any CPU.Build.0 = Ad-Hoc|iPhone
		{18A59E44-B24F-42EC-BA70-2A6CFC50DB14}.Ad-Hoc|Any CPU.Deploy.0 = Ad-Hoc|iPhone
		{18A59E44-B24F-42EC-BA70-2A6CFC50DB14}.Ad-Hoc|iPhone.ActiveCfg = Ad-Hoc|iPhone
		{18A59E44-B24F-42EC-BA70-2A6CFC50DB14}.Ad-Hoc|iPhone.Build.0 = Ad-Hoc|iPhone
		{18A59E44-B24F-42EC-BA70-2A6CFC50DB14}.Ad-Hoc|iPhone.Deploy.0 = Ad-Hoc|iPhone
		{18A59E44-B24F-42EC-BA70-2A6CFC50DB14}.Ad-Hoc|iPhoneSimulator.ActiveCfg = Ad-Hoc|iPhoneSimulator
		{18A59E44-B24F-42EC-BA70-2A6CFC50DB14}.Ad-Hoc|iPhoneSimulator.Build.0 = Ad-Hoc|iPhoneSimulator
		{18A59E44-B24F-42EC-BA70-2A6CFC50DB14}.Ad-Hoc|iPhoneSimulator.Deploy.0 = Ad-Hoc|iPhoneSimulator
		{18A59E44-B24F-42EC-BA70-2A6CFC50DB14}.AppStore|Any CPU.ActiveCfg = AppStore|iPhone
		{18A59E44-B24F-42EC-BA70-2A6CFC50DB14}.AppStore|Any CPU.Build.0 = AppStore|iPhone
		{18A59E44-B24F-42EC-BA70-2A6CFC50DB14}.AppStore|Any CPU.Deploy.0 = AppStore|iPhone
		{18A59E44-B24F-42EC-BA70-2A6CFC50DB14}.AppStore|iPhone.ActiveCfg = AppStore|iPhone
		{18A59E44-B24F-42EC-BA70-2A6CFC50DB14}.AppStore|iPhone.Build.0 = AppStore|iPhone
		{18A59E44-B24F-42EC-BA70-2A6CFC50DB14}.AppStore|iPhone.Deploy.0 = AppStore|iPhone
		{18A59E44-B24F-42EC-BA70-2A6CFC50DB14}.AppStore|iPhoneSimulator.ActiveCfg = AppStore|iPhoneSimulator
		{18A59E44-B24F-42EC-BA70-2A6CFC50DB14}.AppStore|iPhoneSimulator.Build.0 = AppStore|iPhoneSimulator
		{18A59E44-B24F-42EC-BA70-2A6CFC50DB14}.AppStore|iPhoneSimulator.Deploy.0 = AppStore|iPhoneSimulator
		{18A59E44-B24F-42EC-BA70-2A6CFC50DB14}.Debug|Any CPU.ActiveCfg = Debug|iPhoneSimulator
		{18A59E44-B24F-42EC-BA70-2A6CFC50DB14}.Debug|Any CPU.Build.0 = Debug|iPhoneSimulator
		{18A59E44-B24F-42EC-BA70-2A6CFC50DB14}.Debug|Any CPU.Deploy.0 = Debug|iPhoneSimulator
		{18A59E44-B24F-42EC-BA70-2A6CFC50DB14}.Debug|iPhone.ActiveCfg = Debug|iPhone
		{18A59E44-B24F-42EC-BA70-2A6CFC50DB14}.Debug|iPhone.Build.0 = Debug|iPhone
		{18A59E44-B24F-42EC-BA70-2A6CFC50DB14}.Debug|iPhone.Deploy.0 = Debug|iPhone
		{18A59E44-B24F-42EC-BA70-2A6CFC50DB14}.Debug|iPhoneSimulator.ActiveCfg = Debug|iPhoneSimulator
		{18A59E44-B24F-42EC-BA70-2A6CFC50DB14}.Debug|iPhoneSimulator.Build.0 = Debug|iPhoneSimulator
		{18A59E44-B24F-42EC-BA70-2A6CFC50DB14}.Debug|iPhoneSimulator.Deploy.0 = Debug|iPhoneSimulator
		{18A59E44-B24F-42EC-BA70-2A6CFC50DB14}.Release|Any CPU.ActiveCfg = Release|iPhone
		{18A59E44-B24F-42EC-BA70-2A6CFC50DB14}.Release|Any CPU.Build.0 = Release|iPhone
		{18A59E44-B24F-42EC-BA70-2A6CFC50DB14}.Release|Any CPU.Deploy.0 = Release|iPhone
		{18A59E44-B24F-42EC-BA70-2A6CFC50DB14}.Release|iPhone.ActiveCfg = Release|iPhone
		{18A59E44-B24F-42EC-BA70-2A6CFC50DB14}.Release|iPhone.Build.0 = Release|iPhone
		{18A59E44-B24F-42EC-BA70-2A6CFC50DB14}.Release|iPhone.Deploy.0 = Release|iPhone
		{18A59E44-B24F-42EC-BA70-2A6CFC50DB14}.Release|iPhoneSimulator.ActiveCfg = Release|iPhoneSimulator
		{18A59E44-B24F-42EC-BA70-2A6CFC50DB14}.Release|iPhoneSimulator.Build.0 = Release|iPhoneSimulator
		{18A59E44-B24F-42EC-BA70-2A6CFC50DB14}.Release|iPhoneSimulator.Deploy.0 = Release|iPhoneSimulator
		{05483300-8AAD-455C-BBE8-7CE614AFEC10}.Ad-Hoc|Any CPU.ActiveCfg = Debug|Any CPU
		{05483300-8AAD-455C-BBE8-7CE614AFEC10}.Ad-Hoc|Any CPU.Build.0 = Debug|Any CPU
		{05483300-8AAD-455C-BBE8-7CE614AFEC10}.Ad-Hoc|Any CPU.Deploy.0 = Debug|Any CPU
		{05483300-8AAD-455C-BBE8-7CE614AFEC10}.Ad-Hoc|iPhone.ActiveCfg = Debug|Any CPU
		{05483300-8AAD-455C-BBE8-7CE614AFEC10}.Ad-Hoc|iPhone.Build.0 = Debug|Any CPU
		{05483300-8AAD-455C-BBE8-7CE614AFEC10}.Ad-Hoc|iPhone.Deploy.0 = Debug|Any CPU
		{05483300-8AAD-455C-BBE8-7CE614AFEC10}.Ad-Hoc|iPhoneSimulator.ActiveCfg = Debug|Any CPU
		{05483300-8AAD-455C-BBE8-7CE614AFEC10}.Ad-Hoc|iPhoneSimulator.Build.0 = Debug|Any CPU
		{05483300-8AAD-455C-BBE8-7CE614AFEC10}.Ad-Hoc|iPhoneSimulator.Deploy.0 = Debug|Any CPU
		{05483300-8AAD-455C-BBE8-7CE614AFEC10}.AppStore|Any CPU.ActiveCfg = Debug|Any CPU
		{05483300-8AAD-455C-BBE8-7CE614AFEC10}.AppStore|Any CPU.Build.0 = Debug|Any CPU
		{05483300-8AAD-455C-BBE8-7CE614AFEC10}.AppStore|Any CPU.Deploy.0 = Debug|Any CPU
		{05483300-8AAD-455C-BBE8-7CE614AFEC10}.AppStore|iPhone.ActiveCfg = Debug|Any CPU
		{05483300-8AAD-455C-BBE8-7CE614AFEC10}.AppStore|iPhone.Build.0 = Debug|Any CPU
		{05483300-8AAD-455C-BBE8-7CE614AFEC10}.AppStore|iPhone.Deploy.0 = Debug|Any CPU
		{05483300-8AAD-455C-BBE8-7CE614AFEC10}.AppStore|iPhoneSimulator.ActiveCfg = Debug|Any CPU
		{05483300-8AAD-455C-BBE8-7CE614AFEC10}.AppStore|iPhoneSimulator.Build.0 = Debug|Any CPU
		{05483300-8AAD-455C-BBE8-7CE614AFEC10}.AppStore|iPhoneSimulator.Deploy.0 = Debug|Any CPU
		{05483300-8AAD-455C-BBE8-7CE614AFEC10}.Debug|Any CPU.ActiveCfg = Debug|Any CPU
		{05483300-8AAD-455C-BBE8-7CE614AFEC10}.Debug|Any CPU.Build.0 = Debug|Any CPU
		{05483300-8AAD-455C-BBE8-7CE614AFEC10}.Debug|Any CPU.Deploy.0 = Debug|Any CPU
		{05483300-8AAD-455C-BBE8-7CE614AFEC10}.Debug|iPhone.ActiveCfg = Debug|Any CPU
		{05483300-8AAD-455C-BBE8-7CE614AFEC10}.Debug|iPhone.Build.0 = Debug|Any CPU
		{05483300-8AAD-455C-BBE8-7CE614AFEC10}.Debug|iPhone.Deploy.0 = Debug|Any CPU
		{05483300-8AAD-455C-BBE8-7CE614AFEC10}.Debug|iPhoneSimulator.ActiveCfg = Debug|Any CPU
		{05483300-8AAD-455C-BBE8-7CE614AFEC10}.Debug|iPhoneSimulator.Build.0 = Debug|Any CPU
		{05483300-8AAD-455C-BBE8-7CE614AFEC10}.Debug|iPhoneSimulator.Deploy.0 = Debug|Any CPU
		{05483300-8AAD-455C-BBE8-7CE614AFEC10}.Release|Any CPU.ActiveCfg = Release|Any CPU
		{05483300-8AAD-455C-BBE8-7CE614AFEC10}.Release|Any CPU.Build.0 = Release|Any CPU
		{05483300-8AAD-455C-BBE8-7CE614AFEC10}.Release|Any CPU.Deploy.0 = Release|Any CPU
		{05483300-8AAD-455C-BBE8-7CE614AFEC10}.Release|iPhone.ActiveCfg = Release|Any CPU
		{05483300-8AAD-455C-BBE8-7CE614AFEC10}.Release|iPhone.Build.0 = Release|Any CPU
		{05483300-8AAD-455C-BBE8-7CE614AFEC10}.Release|iPhone.Deploy.0 = Release|Any CPU
		{05483300-8AAD-455C-BBE8-7CE614AFEC10}.Release|iPhoneSimulator.ActiveCfg = Release|Any CPU
		{05483300-8AAD-455C-BBE8-7CE614AFEC10}.Release|iPhoneSimulator.Build.0 = Release|Any CPU
		{05483300-8AAD-455C-BBE8-7CE614AFEC10}.Release|iPhoneSimulator.Deploy.0 = Release|Any CPU
	EndGlobalSection
	GlobalSection(SolutionProperties) = preSolution
		HideSolutionNode = FALSE
	EndGlobalSection
	GlobalSection(ExtensibilityGlobals) = postSolution
		SolutionGuid = {4D0E94DB-4A7D-45D8-9B76-5C5C3464CD14}
	EndGlobalSection
EndGlobal
